
Microsoft Visual Studio Solution File, Format Version 12.00
# Visual Studio Version 17
VisualStudioVersion = 17.0.31903.59
MinimumVisualStudioVersion = 10.0.40219.1
Project("{FAE04EC0-301F-11D3-BF4B-00C04F79EFBC}") = "SportsStore", "SportsStore\SportsStore.csproj", "{C68E1EF1-93DF-4472-B9A8-CFBDADEEA7DF}"
EndProject
Project("{FAE04EC0-301F-11D3-BF4B-00C04F79EFBC}") = "SportsStore.Tests", "SportsStore.Tests\SportsStore.Tests.csproj", "{55913BEC-924D-49CC-882A-916022D12CD0}"
EndProject
Global
	GlobalSection(SolutionConfigurationPlatforms) = preSolution
		Debug|Any CPU = Debug|Any CPU
		Release|Any CPU = Release|Any CPU
	EndGlobalSection
	GlobalSection(SolutionProperties) = preSolution
		HideSolutionNode = FALSE
	EndGlobalSection
	GlobalSection(ProjectConfigurationPlatforms) = postSolution
		{C68E1EF1-93DF-4472-B9A8-CFBDADEEA7DF}.Debug|Any CPU.ActiveCfg = Debug|Any CPU
		{C68E1EF1-93DF-4472-B9A8-CFBDADEEA7DF}.Debug|Any CPU.Build.0 = Debug|Any CPU
		{C68E1EF1-93DF-4472-B9A8-CFBDADEEA7DF}.Release|Any CPU.ActiveCfg = Release|Any CPU
		{C68E1EF1-93DF-4472-B9A8-CFBDADEEA7DF}.Release|Any CPU.Build.0 = Release|Any CPU
		{55913BEC-924D-49CC-882A-916022D12CD0}.Debug|Any CPU.ActiveCfg = Debug|Any CPU
		{55913BEC-924D-49CC-882A-916022D12CD0}.Debug|Any CPU.Build.0 = Debug|Any CPU
		{55913BEC-924D-49CC-882A-916022D12CD0}.Release|Any CPU.ActiveCfg = Release|Any CPU
		{55913BEC-924D-49CC-882A-916022D12CD0}.Release|Any CPU.Build.0 = Release|Any CPU
	EndGlobalSection
EndGlobal
